
Microsoft Visual Studio Solution File, Format Version 12.00
# Visual Studio Version 17
VisualStudioVersion = 17.14.37516.0 d17.14
MinimumVisualStudioVersion = 10.0.40219.1
Project("{FAE04EC0-301F-11D3-BF4B-00C04F79EFBC}") = "MiniERPWebApp", "MiniERPWebApp\MiniERPWebApp.csproj", "{52764042-3DA3-4E40-9E99-EA1018E5976D}"
EndProject
Global
	GlobalSection(SolutionConfigurationPlatforms) = preSolution
		Debug|Any CPU = Debug|Any CPU
		Release|Any CPU = Release|Any CPU
	EndGlobalSection
	GlobalSection(ProjectConfigurationPlatforms) = postSolution
		{52764042-3DA3-4E40-9E99-EA1018E5976D}.Debug|Any CPU.ActiveCfg = Debug|Any CPU
		{52764042-3DA3-4E40-9E99-EA1018E5976D}.Debug|Any CPU.Build.0 = Debug|Any CPU
		{52764042-3DA3-4E40-9E99-EA1018E5976D}.Release|Any CPU.ActiveCfg = Release|Any CPU
		{52764042-3DA3-4E40-9E99-EA1018E5976D}.Release|Any CPU.Build.0 = Release|Any CPU
	EndGlobalSection
	GlobalSection(SolutionProperties) = preSolution
		HideSolutionNode = FALSE
	EndGlobalSection
	GlobalSection(ExtensibilityGlobals) = postSolution
		SolutionGuid = {947F7112-87DA-455C-8802-5A33B6CD0A4C}
	EndGlobalSection
EndGlobal
